{
  "nodes": {
    "flake-schemas": {
      "locked": {
        "lastModified": 1721999734,
        "narHash": "sha256-G5CxYeJVm4lcEtaO87LKzOsVnWeTcHGKbKxNamNWgOw=",
        "rev": "0a5c42297d870156d9c57d8f99e476b738dcd982",
        "revCount": 75,
        "type": "tarball",
        "url": "https://api.flakehub.com/f/pinned/DeterminateSystems/flake-schemas/0.1.5/0190ef2f-61e0-794b-ba14-e82f225e55e6/source.tar.gz"
      },
      "original": {
        "type": "tarball",
        "url": "https://flakehub.com/f/DeterminateSystems/flake-schemas/%2A"
      }
    },
    "nixpkgs": {
      "locked": {
        "lastModified": 1746557022,
        "narHash": "sha256-QkNoyEf6TbaTW5UZYX0OkwIJ/ZMeKSSoOMnSDPQuol0=",
        "rev": "1d3aeb5a193b9ff13f63f4d9cc169fb88129f860",
        "revCount": 717738,
        "type": "tarball",
        "url": "https://api.flakehub.com/f/pinned/NixOS/nixpkgs/0.2411.717738%2Brev-1d3aeb5a193b9ff13f63f4d9cc169fb88129f860/0196a994-b117-7203-b225-ee2c1be7af8d/source.tar.gz"
      },
      "original": {
        "type": "tarball",
        "url": "https://flakehub.com/f/NixOS/nixpkgs/%2A"
      }
    },
    "root": {
      "inputs": {
        "flake-schemas": "flake-schemas",
        "nixpkgs": "nixpkgs"
      }
    }
  },
  "root": "root",
  "version": 7
}
